
Microsoft Visual Studio Solution File, Format Version 12.00
# Visual Studio Version 16
VisualStudioVersion = 16.0.29728.190
MinimumVisualStudioVersion = 10.0.40219.1
Project("{9A19103F-16F7-4668-BE54-9A1E7A4F7556}") = "MielsJimmyScrumProject", "MielsJimmyScrumProject\MielsJimmyScrumProject.csproj", "{A9A560BB-CFEA-488C-B067-9683A60731CA}"
EndProject
Project("{9A19103F-16F7-4668-BE54-9A1E7A4F7556}") = "MielsJimmyScrumProjectDAL", "MielsJimmyScrumProjectDAL\MielsJimmyScrumProjectDAL.csproj", "{053A3637-B2FC-4F61-908A-2391E5A13899}"
EndProject
Project("{FAE04EC0-301F-11D3-BF4B-00C04F79EFBC}") = "Scrum.BLL", "Scrum.BLL\Scrum.BLL.csproj", "{4C2DE1D2-0164-4F66-A074-73A1769E1E3E}"
EndProject
Global
	GlobalSection(SolutionConfigurationPlatforms) = preSolution
		Debug|Any CPU = Debug|Any CPU
		Release|Any CPU = Release|Any CPU
	EndGlobalSection
	GlobalSection(ProjectConfigurationPlatforms) = postSolution
		{A9A560BB-CFEA-488C-B067-9683A60731CA}.Debug|Any CPU.ActiveCfg = Debug|Any CPU
		{A9A560BB-CFEA-488C-B067-9683A60731CA}.Debug|Any CPU.Build.0 = Debug|Any CPU
		{A9A560BB-CFEA-488C-B067-9683A60731CA}.Release|Any CPU.ActiveCfg = Release|Any CPU
		{A9A560BB-CFEA-488C-B067-9683A60731CA}.Release|Any CPU.Build.0 = Release|Any CPU
		{053A3637-B2FC-4F61-908A-2391E5A13899}.Debug|Any CPU.ActiveCfg = Debug|Any CPU
		{053A3637-B2FC-4F61-908A-2391E5A13899}.Debug|Any CPU.Build.0 = Debug|Any CPU
		{053A3637-B2FC-4F61-908A-2391E5A13899}.Release|Any CPU.ActiveCfg = Release|Any CPU
		{053A3637-B2FC-4F61-908A-2391E5A13899}.Release|Any CPU.Build.0 = Release|Any CPU
		{4C2DE1D2-0164-4F66-A074-73A1769E1E3E}.Debug|Any CPU.ActiveCfg = Debug|Any CPU
		{4C2DE1D2-0164-4F66-A074-73A1769E1E3E}.Debug|Any CPU.Build.0 = Debug|Any CPU
		{4C2DE1D2-0164-4F66-A074-73A1769E1E3E}.Release|Any CPU.ActiveCfg = Release|Any CPU
		{4C2DE1D2-0164-4F66-A074-73A1769E1E3E}.Release|Any CPU.Build.0 = Release|Any CPU
	EndGlobalSection
	GlobalSection(SolutionProperties) = preSolution
		HideSolutionNode = FALSE
	EndGlobalSection
	GlobalSection(ExtensibilityGlobals) = postSolution
		SolutionGuid = {8EE43A48-5DFE-4BDC-8D47-2B802451BF82}
	EndGlobalSection
EndGlobal
